
Microsoft Visual Studio Solution File, Format Version 12.00
# Visual Studio Version 16
VisualStudioVersion = 16.0.32510.428
MinimumVisualStudioVersion = 10.0.40219.1
Project("{8BC9CEB8-8B4A-11D0-8D11-00A0C91BC942}") = "L20220823_SelectServer", "L20220823_SelectServer.vcxproj", "{E8AE54C8-7D4E-461D-8591-E9CD8F671813}"
EndProject
Global
	GlobalSection(SolutionConfigurationPlatforms) = preSolution
		Debug|x64 = Debug|x64
		Debug|x86 = Debug|x86
		Release|x64 = Release|x64
		Release|x86 = Release|x86
	EndGlobalSection
	GlobalSection(ProjectConfigurationPlatforms) = postSolution
		{E8AE54C8-7D4E-461D-8591-E9CD8F671813}.Debug|x64.ActiveCfg = Debug|x64
		{E8AE54C8-7D4E-461D-8591-E9CD8F671813}.Debug|x64.Build.0 = Debug|x64
		{E8AE54C8-7D4E-461D-8591-E9CD8F671813}.Debug|x86.ActiveCfg = Debug|Win32
		{E8AE54C8-7D4E-461D-8591-E9CD8F671813}.Debug|x86.Build.0 = Debug|Win32
		{E8AE54C8-7D4E-461D-8591-E9CD8F671813}.Release|x64.ActiveCfg = Release|x64
		{E8AE54C8-7D4E-461D-8591-E9CD8F671813}.Release|x64.Build.0 = Release|x64
		{E8AE54C8-7D4E-461D-8591-E9CD8F671813}.Release|x86.ActiveCfg = Release|Win32
		{E8AE54C8-7D4E-461D-8591-E9CD8F671813}.Release|x86.Build.0 = Release|Win32
	EndGlobalSection
	GlobalSection(SolutionProperties) = preSolution
		HideSolutionNode = FALSE
	EndGlobalSection
	GlobalSection(ExtensibilityGlobals) = postSolution
		SolutionGuid = {E4B1B2EB-D16E-4C99-A150-6B92D9CFD01D}
	EndGlobalSection
EndGlobal
